
Microsoft Visual Studio Solution File, Format Version 12.00
# Visual Studio Version 17
VisualStudioVersion = 17.3.32929.385
MinimumVisualStudioVersion = 10.0.40219.1
Project("{FAE04EC0-301F-11D3-BF4B-00C04F79EFBC}") = "BubbleSort", "BubbleSort\BubbleSort.csproj", "{A3C5D3E2-E730-474D-AA1E-21F60DEEBC1A}"
EndProject
Project("{FAE04EC0-301F-11D3-BF4B-00C04F79EFBC}") = "PersonalInfoReader", "PersonalInfoReader\PersonalInfoReader.csproj", "{8C86530E-317F-4B30-B709-EAC2CACDECB3}"
EndProject
Global
	GlobalSection(SolutionConfigurationPlatforms) = preSolution
		Debug|Any CPU = Debug|Any CPU
		Release|Any CPU = Release|Any CPU
	EndGlobalSection
	GlobalSection(ProjectConfigurationPlatforms) = postSolution
		{A3C5D3E2-E730-474D-AA1E-21F60DEEBC1A}.Debug|Any CPU.ActiveCfg = Debug|Any CPU
		{A3C5D3E2-E730-474D-AA1E-21F60DEEBC1A}.Debug|Any CPU.Build.0 = Debug|Any CPU
		{A3C5D3E2-E730-474D-AA1E-21F60DEEBC1A}.Release|Any CPU.ActiveCfg = Release|Any CPU
		{A3C5D3E2-E730-474D-AA1E-21F60DEEBC1A}.Release|Any CPU.Build.0 = Release|Any CPU
		{8C86530E-317F-4B30-B709-EAC2CACDECB3}.Debug|Any CPU.ActiveCfg = Debug|Any CPU
		{8C86530E-317F-4B30-B709-EAC2CACDECB3}.Debug|Any CPU.Build.0 = Debug|Any CPU
		{8C86530E-317F-4B30-B709-EAC2CACDECB3}.Release|Any CPU.ActiveCfg = Release|Any CPU
		{8C86530E-317F-4B30-B709-EAC2CACDECB3}.Release|Any CPU.Build.0 = Release|Any CPU
	EndGlobalSection
	GlobalSection(SolutionProperties) = preSolution
		HideSolutionNode = FALSE
	EndGlobalSection
	GlobalSection(ExtensibilityGlobals) = postSolution
		SolutionGuid = {83618AEC-9861-4F79-94DD-1C905C172573}
	EndGlobalSection
EndGlobal
